{
    "_readme": [
        "This file locks the dependencies of your project to a known state",
        "Read more about it at https://getcomposer.org/doc/01-basic-usage.md#composer-lock-the-lock-file",
        "This file is @generated automatically"
    ],
    "content-hash": "43fef12e9194f41c78d36c5b0029f91a",
    "packages": [
        {
            "name": "melihovv/base64-image-decoder",
            "version": "0.2.0",
            "source": {
                "type": "git",
                "url": "https://github.com/melihovv/base64-image-decoder.git",
                "reference": "3c4bdc11f8d4e932a0d9fad48f5fe86cd534daf6"
            },
            "dist": {
                "type": "zip",
                "url": "https://api.github.com/repos/melihovv/base64-image-decoder/zipball/3c4bdc11f8d4e932a0d9fad48f5fe86cd534daf6",
                "reference": "3c4bdc11f8d4e932a0d9fad48f5fe86cd534daf6",
                "shasum": ""
            },
            "require": {
                "ext-fileinfo": "*",
                "php": ">=7.0"
            },
            "require-dev": {
                "ext-gd": "*",
                "phpunit/phpunit": "~6.0"
            },
            "type": "library",
            "autoload": {
                "psr-4": {
                    "Melihovv\\Base64ImageDecoder\\": "src"
                }
            },
            "notification-url": "https://packagist.org/downloads/",
            "license": [
                "MIT"
            ],
            "authors": [
                {
                    "name": "Alexander Melihov",
                    "email": "amelihovv@ya.ru"
                }
            ],
            "description": "A base64 image decoder",
            "keywords": [
                "base64",
                "decoder",
                "image"
            ],
            "time": "2018-09-08T08:35:25+00:00"
        }
    ],
    "packages-dev": [],
    "aliases": [],
    "minimum-stability": "stable",
    "stability-flags": [],
    "prefer-stable": false,
    "prefer-lowest": false,
    "platform": [],
    "platform-dev": []
}
